
Microsoft Visual Studio Solution File, Format Version 12.00
# Visual Studio 14
VisualStudioVersion = 14.0.25420.1
MinimumVisualStudioVersion = 10.0.40219.1
Project("{FAE04EC0-301F-11D3-BF4B-00C04F79EFBC}") = "BeatMaster.Droid", "BeatMaster\BeatMaster.Droid\BeatMaster.Droid.csproj", "{521CC28A-A50E-4178-8557-E403A1BC1321}"
EndProject
Project("{FAE04EC0-301F-11D3-BF4B-00C04F79EFBC}") = "BeatMaster.iOS", "BeatMaster\BeatMaster.iOS\BeatMaster.iOS.csproj", "{00FC23A2-D0FF-439B-88A0-A058ECD4D215}"
EndProject
Project("{FAE04EC0-301F-11D3-BF4B-00C04F79EFBC}") = "BeatMaster", "BeatMaster\BeatMaster\BeatMaster.csproj", "{E77AE8F3-C503-4028-9682-A97914981FC2}"
EndProject
Global
	GlobalSection(SolutionConfigurationPlatforms) = preSolution
		Ad-Hoc|Any CPU = Ad-Hoc|Any CPU
		Ad-Hoc|iPhone = Ad-Hoc|iPhone
		Ad-Hoc|iPhoneSimulator = Ad-Hoc|iPhoneSimulator
		AppStore|Any CPU = AppStore|Any CPU
		AppStore|iPhone = AppStore|iPhone
		AppStore|iPhoneSimulator = AppStore|iPhoneSimulator
		Debug|Any CPU = Debug|Any CPU
		Debug|iPhone = Debug|iPhone
		Debug|iPhoneSimulator = Debug|iPhoneSimulator
		Release|Any CPU = Release|Any CPU
		Release|iPhone = Release|iPhone
		Release|iPhoneSimulator = Release|iPhoneSimulator
	EndGlobalSection
	GlobalSection(ProjectConfigurationPlatforms) = postSolution
		{521CC28A-A50E-4178-8557-E403A1BC1321}.Ad-Hoc|Any CPU.ActiveCfg = Release|Any CPU
		{521CC28A-A50E-4178-8557-E403A1BC1321}.Ad-Hoc|Any CPU.Build.0 = Release|Any CPU
		{521CC28A-A50E-4178-8557-E403A1BC1321}.Ad-Hoc|Any CPU.Deploy.0 = Release|Any CPU
		{521CC28A-A50E-4178-8557-E403A1BC1321}.Ad-Hoc|iPhone.ActiveCfg = Release|Any CPU
		{521CC28A-A50E-4178-8557-E403A1BC1321}.Ad-Hoc|iPhone.Build.0 = Release|Any CPU
		{521CC28A-A50E-4178-8557-E403A1BC1321}.Ad-Hoc|iPhone.Deploy.0 = Release|Any CPU
		{521CC28A-A50E-4178-8557-E403A1BC1321}.Ad-Hoc|iPhoneSimulator.ActiveCfg = Release|Any CPU
		{521CC28A-A50E-4178-8557-E403A1BC1321}.Ad-Hoc|iPhoneSimulator.Build.0 = Release|Any CPU
		{521CC28A-A50E-4178-8557-E403A1BC1321}.Ad-Hoc|iPhoneSimulator.Deploy.0 = Release|Any CPU
		{521CC28A-A50E-4178-8557-E403A1BC1321}.AppStore|Any CPU.ActiveCfg = Release|Any CPU
		{521CC28A-A50E-4178-8557-E403A1BC1321}.AppStore|Any CPU.Build.0 = Release|Any CPU
		{521CC28A-A50E-4178-8557-E403A1BC1321}.AppStore|Any CPU.Deploy.0 = Release|Any CPU
		{521CC28A-A50E-4178-8557-E403A1BC1321}.AppStore|iPhone.ActiveCfg = Release|Any CPU
		{521CC28A-A50E-4178-8557-E403A1BC1321}.AppStore|iPhone.Build.0 = Release|Any CPU
		{521CC28A-A50E-4178-8557-E403A1BC1321}.AppStore|iPhone.Deploy.0 = Release|Any CPU
		{521CC28A-A50E-4178-8557-E403A1BC1321}.AppStore|iPhoneSimulator.ActiveCfg = Release|Any CPU
		{521CC28A-A50E-4178-8557-E403A1BC1321}.AppStore|iPhoneSimulator.Build.0 = Release|Any CPU
		{521CC28A-A50E-4178-8557-E403A1BC1321}.AppStore|iPhoneSimulator.Deploy.0 = Release|Any CPU
		{521CC28A-A50E-4178-8557-E403A1BC1321}.Debug|Any CPU.ActiveCfg = Debug|Any CPU
		{521CC28A-A50E-4178-8557-E403A1BC1321}.Debug|Any CPU.Build.0 = Debug|Any CPU
		{521CC28A-A50E-4178-8557-E403A1BC1321}.Debug|Any CPU.Deploy.0 = Debug|Any CPU
		{521CC28A-A50E-4178-8557-E403A1BC1321}.Debug|iPhone.ActiveCfg = Debug|Any CPU
		{521CC28A-A50E-4178-8557-E403A1BC1321}.Debug|iPhone.Build.0 = Debug|Any CPU
		{521CC28A-A50E-4178-8557-E403A1BC1321}.Debug|iPhone.Deploy.0 = Debug|Any CPU
		{521CC28A-A50E-4178-8557-E403A1BC1321}.Debug|iPhoneSimulator.ActiveCfg = Debug|Any CPU
		{521CC28A-A50E-4178-8557-E403A1BC1321}.Debug|iPhoneSimulator.Build.0 = Debug|Any CPU
		{521CC28A-A50E-4178-8557-E403A1BC1321}.Debug|iPhoneSimulator.Deploy.0 = Debug|Any CPU
		{521CC28A-A50E-4178-8557-E403A1BC1321}.Release|Any CPU.ActiveCfg = Release|Any CPU
		{521CC28A-A50E-4178-8557-E403A1BC1321}.Release|Any CPU.Build.0 = Release|Any CPU
		{521CC28A-A50E-4178-8557-E403A1BC1321}.Release|Any CPU.Deploy.0 = Release|Any CPU
		{521CC28A-A50E-4178-8557-E403A1BC1321}.Release|iPhone.ActiveCfg = Release|Any CPU
		{521CC28A-A50E-4178-8557-E403A1BC1321}.Release|iPhone.Build.0 = Release|Any CPU
		{521CC28A-A50E-4178-8557-E403A1BC1321}.Release|iPhone.Deploy.0 = Release|Any CPU
		{521CC28A-A50E-4178-8557-E403A1BC1321}.Release|iPhoneSimulator.ActiveCfg = Release|Any CPU
		{521CC28A-A50E-4178-8557-E403A1BC1321}.Release|iPhoneSimulator.Build.0 = Release|Any CPU
		{521CC28A-A50E-4178-8557-E403A1BC1321}.Release|iPhoneSimulator.Deploy.0 = Release|Any CPU
		{00FC23A2-D0FF-439B-88A0-A058ECD4D215}.Ad-Hoc|Any CPU.ActiveCfg = Ad-Hoc|iPhone
		{00FC23A2-D0FF-439B-88A0-A058ECD4D215}.Ad-Hoc|iPhone.ActiveCfg = Ad-Hoc|iPhone
		{00FC23A2-D0FF-439B-88A0-A058ECD4D215}.Ad-Hoc|iPhone.Build.0 = Ad-Hoc|iPhone
		{00FC23A2-D0FF-439B-88A0-A058ECD4D215}.Ad-Hoc|iPhoneSimulator.ActiveCfg = Ad-Hoc|iPhoneSimulator
		{00FC23A2-D0FF-439B-88A0-A058ECD4D215}.Ad-Hoc|iPhoneSimulator.Build.0 = Ad-Hoc|iPhoneSimulator
		{00FC23A2-D0FF-439B-88A0-A058ECD4D215}.AppStore|Any CPU.ActiveCfg = AppStore|iPhone
		{00FC23A2-D0FF-439B-88A0-A058ECD4D215}.AppStore|iPhone.ActiveCfg = AppStore|iPhone
		{00FC23A2-D0FF-439B-88A0-A058ECD4D215}.AppStore|iPhone.Build.0 = AppStore|iPhone
		{00FC23A2-D0FF-439B-88A0-A058ECD4D215}.AppStore|iPhoneSimulator.ActiveCfg = AppStore|iPhoneSimulator
		{00FC23A2-D0FF-439B-88A0-A058ECD4D215}.AppStore|iPhoneSimulator.Build.0 = AppStore|iPhoneSimulator
		{00FC23A2-D0FF-439B-88A0-A058ECD4D215}.Debug|Any CPU.ActiveCfg = Debug|iPhone
		{00FC23A2-D0FF-439B-88A0-A058ECD4D215}.Debug|iPhone.ActiveCfg = Debug|iPhone
		{00FC23A2-D0FF-439B-88A0-A058ECD4D215}.Debug|iPhone.Build.0 = Debug|iPhone
		{00FC23A2-D0FF-439B-88A0-A058ECD4D215}.Debug|iPhoneSimulator.ActiveCfg = Debug|iPhoneSimulator
		{00FC23A2-D0FF-439B-88A0-A058ECD4D215}.Debug|iPhoneSimulator.Build.0 = Debug|iPhoneSimulator
		{00FC23A2-D0FF-439B-88A0-A058ECD4D215}.Release|Any CPU.ActiveCfg = Release|iPhone
		{00FC23A2-D0FF-439B-88A0-A058ECD4D215}.Release|iPhone.ActiveCfg = Release|iPhone
		{00FC23A2-D0FF-439B-88A0-A058ECD4D215}.Release|iPhone.Build.0 = Release|iPhone
		{00FC23A2-D0FF-439B-88A0-A058ECD4D215}.Release|iPhoneSimulator.ActiveCfg = Release|iPhoneSimulator
		{00FC23A2-D0FF-439B-88A0-A058ECD4D215}.Release|iPhoneSimulator.Build.0 = Release|iPhoneSimulator
		{E77AE8F3-C503-4028-9682-A97914981FC2}.Ad-Hoc|Any CPU.ActiveCfg = Release|Any CPU
		{E77AE8F3-C503-4028-9682-A97914981FC2}.Ad-Hoc|Any CPU.Build.0 = Release|Any CPU
		{E77AE8F3-C503-4028-9682-A97914981FC2}.Ad-Hoc|iPhone.ActiveCfg = Release|Any CPU
		{E77AE8F3-C503-4028-9682-A97914981FC2}.Ad-Hoc|iPhone.Build.0 = Release|Any CPU
		{E77AE8F3-C503-4028-9682-A97914981FC2}.Ad-Hoc|iPhoneSimulator.ActiveCfg = Release|Any CPU
		{E77AE8F3-C503-4028-9682-A97914981FC2}.Ad-Hoc|iPhoneSimulator.Build.0 = Release|Any CPU
		{E77AE8F3-C503-4028-9682-A97914981FC2}.AppStore|Any CPU.ActiveCfg = Release|Any CPU
		{E77AE8F3-C503-4028-9682-A97914981FC2}.AppStore|Any CPU.Build.0 = Release|Any CPU
		{E77AE8F3-C503-4028-9682-A97914981FC2}.AppStore|iPhone.ActiveCfg = Release|Any CPU
		{E77AE8F3-C503-4028-9682-A97914981FC2}.AppStore|iPhone.Build.0 = Release|Any CPU
		{E77AE8F3-C503-4028-9682-A97914981FC2}.AppStore|iPhoneSimulator.ActiveCfg = Release|Any CPU
		{E77AE8F3-C503-4028-9682-A97914981FC2}.AppStore|iPhoneSimulator.Build.0 = Release|Any CPU
		{E77AE8F3-C503-4028-9682-A97914981FC2}.Debug|Any CPU.ActiveCfg = Debug|Any CPU
		{E77AE8F3-C503-4028-9682-A97914981FC2}.Debug|Any CPU.Build.0 = Debug|Any CPU
		{E77AE8F3-C503-4028-9682-A97914981FC2}.Debug|iPhone.ActiveCfg = Debug|Any CPU
		{E77AE8F3-C503-4028-9682-A97914981FC2}.Debug|iPhone.Build.0 = Debug|Any CPU
		{E77AE8F3-C503-4028-9682-A97914981FC2}.Debug|iPhoneSimulator.ActiveCfg = Debug|Any CPU
		{E77AE8F3-C503-4028-9682-A97914981FC2}.Debug|iPhoneSimulator.Build.0 = Debug|Any CPU
		{E77AE8F3-C503-4028-9682-A97914981FC2}.Release|Any CPU.ActiveCfg = Release|Any CPU
		{E77AE8F3-C503-4028-9682-A97914981FC2}.Release|Any CPU.Build.0 = Release|Any CPU
		{E77AE8F3-C503-4028-9682-A97914981FC2}.Release|iPhone.ActiveCfg = Release|Any CPU
		{E77AE8F3-C503-4028-9682-A97914981FC2}.Release|iPhone.Build.0 = Release|Any CPU
		{E77AE8F3-C503-4028-9682-A97914981FC2}.Release|iPhoneSimulator.ActiveCfg = Release|Any CPU
		{E77AE8F3-C503-4028-9682-A97914981FC2}.Release|iPhoneSimulator.Build.0 = Release|Any CPU
	EndGlobalSection
	GlobalSection(SolutionProperties) = preSolution
		HideSolutionNode = FALSE
	EndGlobalSection
EndGlobal
